{
  "name": "@sonic74129/bible-story-john-9-man-born-blind",
  "version": "0.1.0",
  "lockfileVersion": 3,
  "requires": true,
  "packages": {
    "": {
      "name": "@sonic74129/bible-story-john-9-man-born-blind",
      "version": "0.1.0",
      "engines": {
        "node": ">=20"
      }
    }
  }
}
